
Microsoft Visual Studio Solution File, Format Version 12.00
# Visual Studio Version 18
VisualStudioVersion = 18.0.11201.2
MinimumVisualStudioVersion = 10.0.40219.1
Project("{FAE04EC0-301F-11D3-BF4B-00C04F79EFBC}") = "IurixBlazor", "IurixBlazor.csproj", "{CFB6FA1B-F7A9-CA7A-2F0B-A6905B3875CE}"
EndProject
Global
	GlobalSection(SolutionConfigurationPlatforms) = preSolution
		Debug|Any CPU = Debug|Any CPU
		Release|Any CPU = Release|Any CPU
	EndGlobalSection
	GlobalSection(ProjectConfigurationPlatforms) = postSolution
		{CFB6FA1B-F7A9-CA7A-2F0B-A6905B3875CE}.Debug|Any CPU.ActiveCfg = Debug|Any CPU
		{CFB6FA1B-F7A9-CA7A-2F0B-A6905B3875CE}.Debug|Any CPU.Build.0 = Debug|Any CPU
		{CFB6FA1B-F7A9-CA7A-2F0B-A6905B3875CE}.Release|Any CPU.ActiveCfg = Release|Any CPU
		{CFB6FA1B-F7A9-CA7A-2F0B-A6905B3875CE}.Release|Any CPU.Build.0 = Release|Any CPU
	EndGlobalSection
	GlobalSection(SolutionProperties) = preSolution
		HideSolutionNode = FALSE
	EndGlobalSection
	GlobalSection(ExtensibilityGlobals) = postSolution
		SolutionGuid = {AEB62686-25C4-43F8-95EE-D7B426A3C5DD}
	EndGlobalSection
EndGlobal
